github.com/devcows/hugo-universal-theme v0.0.0-20210408074747-23c6efbbe23c h1:78lowsVU99VRlsmwHVTNnGiVRfDTawQK1cpaysHF3Ic=
github.com/devcows/hugo-universal-theme v0.0.0-20210408074747-23c6efbbe23c/go.mod h1:MqYH15Evmut/wgYkFi7ArsX+k44HfRrH675FbVLBkq0=
github.com/owaspsamm/core v0.0.0-20210520122448-8de72e41633a h1:RNba5qaMQd/o6b+y9Q177VOqDYsLhCFHMuSd+alS5qM=
github.com/owaspsamm/core v0.0.0-20210520122448-8de72e41633a/go.mod h1:ECnrbqPPh1OnAru4vRFzMou6Bx2xBemoVDZRTcgYYJw=
github.com/owaspsamm/core v0.0.0-20221119125116-2fab0af5b0c9 h1:fb4At+QMYFvqABEgWlSKc3RaS4DJWU9AvgMQiqCMr24=
github.com/owaspsamm/core v0.0.0-20221119125116-2fab0af5b0c9/go.mod h1:ECnrbqPPh1OnAru4vRFzMou6Bx2xBemoVDZRTcgYYJw=
github.com/owaspsamm/core v0.0.0-20240625105433-476091691f9d h1:1qcRS9Cw3kEz7RHIbhiDB2TZoUM/30C8x2fsFYGYQzQ=
github.com/owaspsamm/core v0.0.0-20240625105433-476091691f9d/go.mod h1:ECnrbqPPh1OnAru4vRFzMou6Bx2xBemoVDZRTcgYYJw=
github.com/owaspsamm/core v0.0.0-20240627115909-acbabc0b3f59 h1:3MxGtjUak8lFtqMGrcEyR/XwlT96kjGiEciMarEgIYs=
github.com/owaspsamm/core v0.0.0-20240627115909-acbabc0b3f59/go.mod h1:ECnrbqPPh1OnAru4vRFzMou6Bx2xBemoVDZRTcgYYJw=
github.com/owaspsamm/core v0.0.0-20240709120936-edf092cb16df h1:EoETGUaubNdSlBtB7BbTBh/O5g6dLVJghdQXpJYgA0o=
github.com/owaspsamm/core v0.0.0-20240709120936-edf092cb16df/go.mod h1:ECnrbqPPh1OnAru4vRFzMou6Bx2xBemoVDZRTcgYYJw=
github.com/owaspsamm/core v0.0.0-20240709121736-5076264307be h1:oV1vv1hco9Zhnu3OSyjmqOJJQL+G2B1OfsuDCAqm9kw=
github.com/owaspsamm/core v0.0.0-20240709121736-5076264307be/go.mod h1:ECnrbqPPh1OnAru4vRFzMou6Bx2xBemoVDZRTcgYYJw=
github.com/owaspsamm/core v0.0.0-20240716090135-1ce0bce2a264 h1:LIn1Po1vukmzBTYRU1bYP2gqtsmtJGprwe4fi1Z+gEw=
github.com/owaspsamm/core v0.0.0-20240716090135-1ce0bce2a264/go.mod h1:ECnrbqPPh1OnAru4vRFzMou6Bx2xBemoVDZRTcgYYJw=
github.com/owaspsamm/core v0.0.0-20240717064536-dfc925b86f3e h1:xtTCm4Nl4G6foAGHdXRt20t8vdhyCrQrxPS+fwu+gSE=
github.com/owaspsamm/core v0.0.0-20240717064536-dfc925b86f3e/go.mod h1:ECnrbqPPh1OnAru4vRFzMou6Bx2xBemoVDZRTcgYYJw=
github.com/owaspsamm/core v0.0.0-20240731113928-6a6ebc86b457 h1:upZvZS4xKu8BiMWg4uFaex7Px3nrVNgii9x0iLlBEEI=
github.com/owaspsamm/core v0.0.0-20240731113928-6a6ebc86b457/go.mod h1:ECnrbqPPh1OnAru4vRFzMou6Bx2xBemoVDZRTcgYYJw=
github.com/owaspsamm/i18n-FR v0.0.0-20240825162856-2f392c02fbb9 h1:5pnuEgo5NnEYXK1ssSoGvB8lTnjRww5kOJyRW50QICE=
github.com/owaspsamm/i18n-FR v0.0.0-20240825162856-2f392c02fbb9/go.mod h1:BS56o80RX4/5AtYMZz+PSYDM8Dos4t2WRl3sCc4MMUA=
github.com/owaspsamm/i18n-FR v0.0.0-20240909084539-01e3790037d1 h1:TdSx8bSW4fSA/ZcM9lWevG3MTlRfKGQW6spSltNXKB0=
github.com/owaspsamm/i18n-FR v0.0.0-20240909084539-01e3790037d1/go.mod h1:BS56o80RX4/5AtYMZz+PSYDM8Dos4t2WRl3sCc4MMUA=
github.com/owaspsamm/i18n-FR v0.0.0-20240909151709-6f978b318c84 h1:46+Jb7CM3osn9tjv8/buwBRkwngGjqhUG2uqLaMGHE0=
github.com/owaspsamm/i18n-FR v0.0.0-20240909151709-6f978b318c84/go.mod h1:BS56o80RX4/5AtYMZz+PSYDM8Dos4t2WRl3sCc4MMUA=
