github.com/devcows/hugo-universal-theme v0.0.0-20210408074747-23c6efbbe23c h1:78lowsVU99VRlsmwHVTNnGiVRfDTawQK1cpaysHF3Ic=
github.com/devcows/hugo-universal-theme v0.0.0-20210408074747-23c6efbbe23c/go.mod h1:MqYH15Evmut/wgYkFi7ArsX+k44HfRrH675FbVLBkq0=
github.com/owaspsamm/core v0.0.0-20210520122448-8de72e41633a h1:RNba5qaMQd/o6b+y9Q177VOqDYsLhCFHMuSd+alS5qM=
github.com/owaspsamm/core v0.0.0-20210520122448-8de72e41633a/go.mod h1:ECnrbqPPh1OnAru4vRFzMou6Bx2xBemoVDZRTcgYYJw=
github.com/owaspsamm/core v0.0.0-20221119125116-2fab0af5b0c9 h1:fb4At+QMYFvqABEgWlSKc3RaS4DJWU9AvgMQiqCMr24=
github.com/owaspsamm/core v0.0.0-20221119125116-2fab0af5b0c9/go.mod h1:ECnrbqPPh1OnAru4vRFzMou6Bx2xBemoVDZRTcgYYJw=
github.com/owaspsamm/core v0.0.0-20240625105433-476091691f9d h1:1qcRS9Cw3kEz7RHIbhiDB2TZoUM/30C8x2fsFYGYQzQ=
github.com/owaspsamm/core v0.0.0-20240625105433-476091691f9d/go.mod h1:ECnrbqPPh1OnAru4vRFzMou6Bx2xBemoVDZRTcgYYJw=
github.com/owaspsamm/core v0.0.0-20240627115909-acbabc0b3f59 h1:3MxGtjUak8lFtqMGrcEyR/XwlT96kjGiEciMarEgIYs=
github.com/owaspsamm/core v0.0.0-20240627115909-acbabc0b3f59/go.mod h1:ECnrbqPPh1OnAru4vRFzMou6Bx2xBemoVDZRTcgYYJw=
github.com/owaspsamm/core v0.0.0-20240709120936-edf092cb16df h1:EoETGUaubNdSlBtB7BbTBh/O5g6dLVJghdQXpJYgA0o=
github.com/owaspsamm/core v0.0.0-20240709120936-edf092cb16df/go.mod h1:ECnrbqPPh1OnAru4vRFzMou6Bx2xBemoVDZRTcgYYJw=
github.com/owaspsamm/core v0.0.0-20240709121736-5076264307be h1:oV1vv1hco9Zhnu3OSyjmqOJJQL+G2B1OfsuDCAqm9kw=
github.com/owaspsamm/core v0.0.0-20240709121736-5076264307be/go.mod h1:ECnrbqPPh1OnAru4vRFzMou6Bx2xBemoVDZRTcgYYJw=
